
Microsoft Visual Studio Solution File, Format Version 12.00
# Visual Studio Version 16
VisualStudioVersion = 16.0.31005.135
MinimumVisualStudioVersion = 10.0.40219.1
Project("{9A19103F-16F7-4668-BE54-9A1E7A4F7556}") = "ChyaAzureCosmosTriggerProcedure", "ChyaAzureCosmosTriggerProcedure.csproj", "{3833588B-29B1-4526-8C7B-02BF5AB8C96E}"
EndProject
Global
	GlobalSection(SolutionConfigurationPlatforms) = preSolution
		Debug|Any CPU = Debug|Any CPU
		Release|Any CPU = Release|Any CPU
	EndGlobalSection
	GlobalSection(ProjectConfigurationPlatforms) = postSolution
		{3833588B-29B1-4526-8C7B-02BF5AB8C96E}.Debug|Any CPU.ActiveCfg = Debug|Any CPU
		{3833588B-29B1-4526-8C7B-02BF5AB8C96E}.Debug|Any CPU.Build.0 = Debug|Any CPU
		{3833588B-29B1-4526-8C7B-02BF5AB8C96E}.Release|Any CPU.ActiveCfg = Release|Any CPU
		{3833588B-29B1-4526-8C7B-02BF5AB8C96E}.Release|Any CPU.Build.0 = Release|Any CPU
	EndGlobalSection
	GlobalSection(SolutionProperties) = preSolution
		HideSolutionNode = FALSE
	EndGlobalSection
	GlobalSection(ExtensibilityGlobals) = postSolution
		SolutionGuid = {DFD4A0CA-82AE-4660-97C4-AF0D594AA1EF}
	EndGlobalSection
EndGlobal
